
Microsoft Visual Studio Solution File, Format Version 12.00
# Visual Studio Version 16
VisualStudioVersion = 16.0.29025.244
MinimumVisualStudioVersion = 10.0.40219.1
Project("{2150E333-8FDC-42A3-9474-1A3956D46DE8}") = "UnitTests", "UnitTests", "{A6FA3E8D-939A-4E5B-8896-6D0DD5C6241C}"
EndProject
Project("{9A19103F-16F7-4668-BE54-9A1E7A4F7556}") = "Cicada.Core", "Cicada.Core\Cicada.Core.csproj", "{55663022-AE34-4EC2-B9AC-4BB6A61ACAB9}"
EndProject
Project("{2150E333-8FDC-42A3-9474-1A3956D46DE8}") = "Plugins", "Plugins", "{16EAD638-7FD4-4EFD-A62D-7CEA5A7B09D5}"
EndProject
Project("{2150E333-8FDC-42A3-9474-1A3956D46DE8}") = "Sdks", "Sdks", "{6C3FA424-8A3E-4582-96D6-F53DCEE2B87A}"
EndProject
Project("{2150E333-8FDC-42A3-9474-1A3956D46DE8}") = "csharp", "csharp", "{0093E21E-1744-4EE2-BAE1-67E5496B5914}"
EndProject
Project("{2150E333-8FDC-42A3-9474-1A3956D46DE8}") = "python", "python", "{ACC81701-1F5C-4B92-BD00-9CA75C06AB54}"
EndProject
Project("{2150E333-8FDC-42A3-9474-1A3956D46DE8}") = "java", "java", "{B17A5CF7-FEED-4713-AD1B-CFEDDFDDC1D3}"
EndProject
Project("{9A19103F-16F7-4668-BE54-9A1E7A4F7556}") = "CicadaAdapter", "Sdks\csharp\CicadaAdapter\CicadaAdapter.csproj", "{FDF7CB24-F2DE-4C75-B3A3-7DE1A06C2670}"
EndProject
Project("{9A19103F-16F7-4668-BE54-9A1E7A4F7556}") = "Cicada.Plugin.WeixinWork", "Plugins\Cicada.Plugin.WeixinWork\Cicada.Plugin.WeixinWork.csproj", "{2970AFB1-E1DD-4925-9232-922BEFAE134D}"
EndProject
Project("{9A19103F-16F7-4668-BE54-9A1E7A4F7556}") = "Cicada.XUnitTest", "Cicada.XUnitTest\Cicada.XUnitTest.csproj", "{29141F24-FEBA-4E6A-85C4-BD592043E590}"
EndProject
Project("{2150E333-8FDC-42A3-9474-1A3956D46DE8}") = "EFCoreModels", "EFCoreModels", "{A851C0FE-E1F4-43DB-A6D2-8AC33027538D}"
EndProject
Project("{9A19103F-16F7-4668-BE54-9A1E7A4F7556}") = "Cicada.EFCore.Shared", "EFCoreModels\Cicada.EFCore.Shared\Cicada.EFCore.Shared.csproj", "{E06159D4-A929-487E-A905-2C14F68C312C}"
EndProject
Project("{9A19103F-16F7-4668-BE54-9A1E7A4F7556}") = "Cicada.EFCore.Mysql", "EFCoreModels\Cicada.EFCore.Mysql\Cicada.EFCore.Mysql.csproj", "{96570A94-527A-4621-92F9-3198BF181643}"
EndProject
Project("{2150E333-8FDC-42A3-9474-1A3956D46DE8}") = "Cores", "Cores", "{8EEF63BF-8A8A-4539-BCBF-C2A7D0367E87}"
EndProject
Project("{9A19103F-16F7-4668-BE54-9A1E7A4F7556}") = "Cicada.Data", "Cicada.Data\Cicada.Data.csproj", "{BAE58DD7-905A-4F18-BCF3-A9F5DC8BDC71}"
EndProject
Project("{9A19103F-16F7-4668-BE54-9A1E7A4F7556}") = "Cicada.EFCore.SqlServer", "EFCoreModels\Cicada.EFCore.SqlServer\Cicada.EFCore.SqlServer.csproj", "{69EC45EB-7E51-407C-8F13-48498D6B1EC6}"
EndProject
Project("{9A19103F-16F7-4668-BE54-9A1E7A4F7556}") = "Cicada.EFCore.PostgreSQL", "EFCoreModels\Cicada.EFCore.PostgreSQL\Cicada.EFCore.PostgreSQL.csproj", "{9DB03ABD-FD8F-46D1-9590-7792CF3FC679}"
EndProject
Project("{9A19103F-16F7-4668-BE54-9A1E7A4F7556}") = "Cicada.EFCore.Sqlite", "EFCoreModels\Cicada.EFCore.Sqlite\Cicada.EFCore.Sqlite.csproj", "{1C243779-C755-46F2-81ED-9675AD6B8B5A}"
EndProject
Project("{9A19103F-16F7-4668-BE54-9A1E7A4F7556}") = "Cicada", "Cicada\Cicada.csproj", "{4F9519D4-2172-4FA8-8A3B-67907D530B6A}"
EndProject
Global
	GlobalSection(SolutionConfigurationPlatforms) = preSolution
		Debug|Any CPU = Debug|Any CPU
		Release|Any CPU = Release|Any CPU
	EndGlobalSection
	GlobalSection(ProjectConfigurationPlatforms) = postSolution
		{55663022-AE34-4EC2-B9AC-4BB6A61ACAB9}.Debug|Any CPU.ActiveCfg = Debug|Any CPU
		{55663022-AE34-4EC2-B9AC-4BB6A61ACAB9}.Debug|Any CPU.Build.0 = Debug|Any CPU
		{55663022-AE34-4EC2-B9AC-4BB6A61ACAB9}.Release|Any CPU.ActiveCfg = Release|Any CPU
		{55663022-AE34-4EC2-B9AC-4BB6A61ACAB9}.Release|Any CPU.Build.0 = Release|Any CPU
		{FDF7CB24-F2DE-4C75-B3A3-7DE1A06C2670}.Debug|Any CPU.ActiveCfg = Debug|Any CPU
		{FDF7CB24-F2DE-4C75-B3A3-7DE1A06C2670}.Debug|Any CPU.Build.0 = Debug|Any CPU
		{FDF7CB24-F2DE-4C75-B3A3-7DE1A06C2670}.Release|Any CPU.ActiveCfg = Release|Any CPU
		{FDF7CB24-F2DE-4C75-B3A3-7DE1A06C2670}.Release|Any CPU.Build.0 = Release|Any CPU
		{2970AFB1-E1DD-4925-9232-922BEFAE134D}.Debug|Any CPU.ActiveCfg = Debug|Any CPU
		{2970AFB1-E1DD-4925-9232-922BEFAE134D}.Debug|Any CPU.Build.0 = Debug|Any CPU
		{2970AFB1-E1DD-4925-9232-922BEFAE134D}.Release|Any CPU.ActiveCfg = Release|Any CPU
		{2970AFB1-E1DD-4925-9232-922BEFAE134D}.Release|Any CPU.Build.0 = Release|Any CPU
		{29141F24-FEBA-4E6A-85C4-BD592043E590}.Debug|Any CPU.ActiveCfg = Debug|Any CPU
		{29141F24-FEBA-4E6A-85C4-BD592043E590}.Debug|Any CPU.Build.0 = Debug|Any CPU
		{29141F24-FEBA-4E6A-85C4-BD592043E590}.Release|Any CPU.ActiveCfg = Release|Any CPU
		{29141F24-FEBA-4E6A-85C4-BD592043E590}.Release|Any CPU.Build.0 = Release|Any CPU
		{E06159D4-A929-487E-A905-2C14F68C312C}.Debug|Any CPU.ActiveCfg = Debug|Any CPU
		{E06159D4-A929-487E-A905-2C14F68C312C}.Debug|Any CPU.Build.0 = Debug|Any CPU
		{E06159D4-A929-487E-A905-2C14F68C312C}.Release|Any CPU.ActiveCfg = Release|Any CPU
		{E06159D4-A929-487E-A905-2C14F68C312C}.Release|Any CPU.Build.0 = Release|Any CPU
		{96570A94-527A-4621-92F9-3198BF181643}.Debug|Any CPU.ActiveCfg = Debug|Any CPU
		{96570A94-527A-4621-92F9-3198BF181643}.Debug|Any CPU.Build.0 = Debug|Any CPU
		{96570A94-527A-4621-92F9-3198BF181643}.Release|Any CPU.ActiveCfg = Release|Any CPU
		{96570A94-527A-4621-92F9-3198BF181643}.Release|Any CPU.Build.0 = Release|Any CPU
		{BAE58DD7-905A-4F18-BCF3-A9F5DC8BDC71}.Debug|Any CPU.ActiveCfg = Debug|Any CPU
		{BAE58DD7-905A-4F18-BCF3-A9F5DC8BDC71}.Debug|Any CPU.Build.0 = Debug|Any CPU
		{BAE58DD7-905A-4F18-BCF3-A9F5DC8BDC71}.Release|Any CPU.ActiveCfg = Release|Any CPU
		{BAE58DD7-905A-4F18-BCF3-A9F5DC8BDC71}.Release|Any CPU.Build.0 = Release|Any CPU
		{69EC45EB-7E51-407C-8F13-48498D6B1EC6}.Debug|Any CPU.ActiveCfg = Debug|Any CPU
		{69EC45EB-7E51-407C-8F13-48498D6B1EC6}.Debug|Any CPU.Build.0 = Debug|Any CPU
		{69EC45EB-7E51-407C-8F13-48498D6B1EC6}.Release|Any CPU.ActiveCfg = Release|Any CPU
		{69EC45EB-7E51-407C-8F13-48498D6B1EC6}.Release|Any CPU.Build.0 = Release|Any CPU
		{9DB03ABD-FD8F-46D1-9590-7792CF3FC679}.Debug|Any CPU.ActiveCfg = Debug|Any CPU
		{9DB03ABD-FD8F-46D1-9590-7792CF3FC679}.Debug|Any CPU.Build.0 = Debug|Any CPU
		{9DB03ABD-FD8F-46D1-9590-7792CF3FC679}.Release|Any CPU.ActiveCfg = Release|Any CPU
		{9DB03ABD-FD8F-46D1-9590-7792CF3FC679}.Release|Any CPU.Build.0 = Release|Any CPU
		{1C243779-C755-46F2-81ED-9675AD6B8B5A}.Debug|Any CPU.ActiveCfg = Debug|Any CPU
		{1C243779-C755-46F2-81ED-9675AD6B8B5A}.Debug|Any CPU.Build.0 = Debug|Any CPU
		{1C243779-C755-46F2-81ED-9675AD6B8B5A}.Release|Any CPU.ActiveCfg = Release|Any CPU
		{1C243779-C755-46F2-81ED-9675AD6B8B5A}.Release|Any CPU.Build.0 = Release|Any CPU
		{4F9519D4-2172-4FA8-8A3B-67907D530B6A}.Debug|Any CPU.ActiveCfg = Debug|Any CPU
		{4F9519D4-2172-4FA8-8A3B-67907D530B6A}.Debug|Any CPU.Build.0 = Debug|Any CPU
		{4F9519D4-2172-4FA8-8A3B-67907D530B6A}.Release|Any CPU.ActiveCfg = Release|Any CPU
		{4F9519D4-2172-4FA8-8A3B-67907D530B6A}.Release|Any CPU.Build.0 = Release|Any CPU
	EndGlobalSection
	GlobalSection(SolutionProperties) = preSolution
		HideSolutionNode = FALSE
	EndGlobalSection
	GlobalSection(NestedProjects) = preSolution
		{55663022-AE34-4EC2-B9AC-4BB6A61ACAB9} = {8EEF63BF-8A8A-4539-BCBF-C2A7D0367E87}
		{0093E21E-1744-4EE2-BAE1-67E5496B5914} = {6C3FA424-8A3E-4582-96D6-F53DCEE2B87A}
		{ACC81701-1F5C-4B92-BD00-9CA75C06AB54} = {6C3FA424-8A3E-4582-96D6-F53DCEE2B87A}
		{B17A5CF7-FEED-4713-AD1B-CFEDDFDDC1D3} = {6C3FA424-8A3E-4582-96D6-F53DCEE2B87A}
		{FDF7CB24-F2DE-4C75-B3A3-7DE1A06C2670} = {0093E21E-1744-4EE2-BAE1-67E5496B5914}
		{2970AFB1-E1DD-4925-9232-922BEFAE134D} = {16EAD638-7FD4-4EFD-A62D-7CEA5A7B09D5}
		{29141F24-FEBA-4E6A-85C4-BD592043E590} = {A6FA3E8D-939A-4E5B-8896-6D0DD5C6241C}
		{E06159D4-A929-487E-A905-2C14F68C312C} = {A851C0FE-E1F4-43DB-A6D2-8AC33027538D}
		{96570A94-527A-4621-92F9-3198BF181643} = {A851C0FE-E1F4-43DB-A6D2-8AC33027538D}
		{BAE58DD7-905A-4F18-BCF3-A9F5DC8BDC71} = {8EEF63BF-8A8A-4539-BCBF-C2A7D0367E87}
		{69EC45EB-7E51-407C-8F13-48498D6B1EC6} = {A851C0FE-E1F4-43DB-A6D2-8AC33027538D}
		{9DB03ABD-FD8F-46D1-9590-7792CF3FC679} = {A851C0FE-E1F4-43DB-A6D2-8AC33027538D}
		{1C243779-C755-46F2-81ED-9675AD6B8B5A} = {A851C0FE-E1F4-43DB-A6D2-8AC33027538D}
	EndGlobalSection
	GlobalSection(ExtensibilityGlobals) = postSolution
		SolutionGuid = {C3F96BD1-9B95-4050-A2F7-1BC79C6F44D5}
	EndGlobalSection
EndGlobal
